PODS:
  - Alamofire (5.5.0)
  - IQKeyboardManagerSwift (6.5.9)

DEPENDENCIES:
  - Alamofire
  - IQKeyboardManagerSwift

SPEC REPOS:
  trunk:
    - Alamofire
    - IQKeyboardManagerSwift

SPEC CHECKSUMS:
  Alamofire: 1c4fb5369c3fe93d2857c780d8bbe09f06f97e7c
  IQKeyboardManagerSwift: 6e839c575c4aa1078d58a596e41244e77abe918f

PODFILE CHECKSUM: 4253fe25442a924b6472fc14735e56447c2e57cb

COCOAPODS: 1.11.3
